github.com/davecgh/go-spew v1.1.1 h1:vj9j/u1bqnvCEFSVrqjv+xcgKMRvMJklPSmlFG/t8o=
github.com/davecgh/go-spew v1.1.1/go.mod h1:J7Y8YcW2NihsgmVo/mv3lAwl/skON4iLHjSsI+c5H8=
github.com/emicklei/go-restful/v3 v3.12.0 h1:qktmA2kxRCvNST50eFRXwumEMhMhgCcnYSRx5zmRN0=
github.com/emicklei/go-restful/v3 v3.12.0/go.mod h1:9xB1y/4hNDVY5aVBp1p0Pv6i9DaVP6KvlYYb1s1K1E=
github.com/evanphx/json-patch/v5 v5.9.0 h1:kcBlZQbplgElYIlo/n1hJo2-z3IIcFnDaqsRmDDQNc=
github.com/evanphx/json-patch/v5 v5.9.0/go.mod h1:OKuCevDuVeUl6SSUgPtvyz0+5mxV5g/9w2e7fVx/hI=
github.com/fsnotify/fsnotify v1.7.0 h1:8JEhPFa5W33U7YOlY2ZKfjM9Os1FeKR2wPXxkN+M3w=
github.com/fsnotify/fsnotify v1.7.0/go.mod h1:40uHVHiclbFnd3XO9ifT50nrHzBQkxQmppXSQlRKSc=
github.com/go-logr/logr v1.4.1 h1:pKouT5E8xu9SD5DwrvkyGkQuYyXrl7l0LK9c2GVnw4=
github.com/go-logr/logr v1.4.1/go.mod h1:9T104GzyrTigFIr8wt5NF5RI7sFyceY7PPVqgJJOwQ=
github.com/go-openapi/jsonpointer v0.20.2 h1:mQc3nmndL8ZBzStEo3JYF7RNkor0+6u6cExdzniknA=
github.com/go-openapi/jsonpointer v0.20.2/go.mod h1:bHen+N0u1KEO3YlmqOjTT9Adn1RtZstVN2cMKwu5aE=
github.com/go-openapi/jsonreference v0.20.4 h1:uBxY1dJ2ztgo4V+wL6b+hIYsrfjIbI3V+JlmWR+JW8=
github.com/go-openapi/jsonreference v0.20.4/go.mod h1:weiBrsQntm/XwIAaQ+jeqPfll3dQss9Z5tzWP/TI1E=
github.com/go-openapi/swag v0.22.7 h1:BmwwGJm7PbNN/PF97vPiRw0dEktWvub7fJN9MEyIWw=
github.com/go-openapi/swag v0.22.7/go.mod h1:yxeiOL68Rb0Xd1ddK5vTfnwEV+hO0z4+KVgRICQyDA=
github.com/gogo/protobuf v1.3.2 h1:Ov1cvc58UF3b5XQbz7USa21IDlAZ+J5DF28Ec4hPfY=
github.com/gogo/protobuf v1.3.2/go.mod h1:V6hfJuHXjFfClqWFF/PrCl11mCjpc7Q+d4kLnFi4I0=
github.com/golang/groupcache v0.0.0-20210331224755-41bb18bfe9da h1:oI5xCqsCo564l8iNU+DwwrgbVoyaL2NUQ5KEN7U8uO4=
github.com/golang/groupcache v0.0.0-20210331224755-41bb18bfe9da/go.mod h1:cIg4eruTrX1D+g88fzRSI+rQQvHV1Bfstt9SHHWQF4=
github.com/golang/protobuf v1.5.4 h1:i7eJL8qZTpP7+YzPLLHIJra7XC92ECbS4yTQ6kOjVY=
github.com/golang/protobuf v1.5.4/go.mod h1:lnTiLA8Wa4RWRcMIcMEZBHRwmCX7E7PSMo2dUBavKQ=
github.com/google/gnostic-models v0.6.8 h1:yo/ABAfM5IMRsixZvEv2f/5eUseqmcIqwxRapTQOjw=
github.com/google/gnostic-models v0.6.8/go.mod h1:5n7qKqabsuSpe+un0mL6fsmAuxjx5k/FIqnHKM1nsI=
github.com/google/go-cmp v0.6.0 h1:ofyhxvXcZhMsNmxtngo2p1qf3PMpoPjmc16+5tuxrA=
github.com/google/go-cmp v0.6.0/go.mod h1:17dUlkBOaYMGFKy5KK5DSlG7wnL4FakJ+DWkn1oVAM=
github.com/google/gofuzz v1.2.0 h1:xRy4da0SPJ31cwQflfEwQtVIGaLN1QPp0EwAsTvSW8=
github.com/google/gofuzz v1.2.0/go.mod h1:dBl0BpW6vV/+ob2rfqQQg6LHWbtePcsNOdzhzbxafM=
github.com/google/uuid v1.6.0 h1:NIvaJDMOfszu30DQoCaLlqWLw/kqgqvuzZVUUNcZDY=
github.com/google/uuid v1.6.0/go.mod h1:TIyPZe4MgqvfeYDBFedMoGGpNw/VLCXpIjiWEWq0e8=
github.com/imdario/mergo v0.3.16 h1:AWq2+U3tCCtZFmw10gQRrqCUZIYEiRonZXJ+GWVjWM=
github.com/imdario/mergo v0.3.16/go.mod h1:WBLT9ZmE3lPoWsEzfxeJMzeB7XKAschmNX7ly0ebos=
github.com/josharian/intern v1.0.0 h1:vlS4z54oSdjm0bgjRigR+RnZzWNZIOuMItzQE4Xlt8=
github.com/josharian/intern v1.0.0/go.mod h1:5DoeVV0s6jJacbCEi+W+SnyckwcFMNnQ+3PgoEV4ew=
github.com/json-iterator/go v1.1.12 h1:PV8peI4a0yS09DyMBk+bDmn/kTik/ornD0mLrmWomes=
github.com/json-iterator/go v1.1.12/go.mod h1:e30LSqwooZae7daiJEBuilbQ7gFMoDgsxPnubIf5EVQ=
github.com/mailru/easyjson v0.7.7 h1:UGYAvKxe3sBsEDzO8ZeWOSlIQfXNpouhcCQsuYxvXk=
github.com/mailru/easyjson v0.7.7/go.mod h1:xzfreul335dSohX2IGnnP33a+VsQWASLvDFf7ijhy0=
github.com/modern-go/concurrent v0.0.0-20230330173713-942fedbb3226 h1:LNRGM9nBoVfZYPj9dJZfJfO3F8xwNJlrSrfj8P0uUo=
github.com/modern-go/concurrent v0.0.0-20230330173713-942fedbb3226/go.mod h1:xvqfVfgoiM5QnyStsSccFSBF8Yw3P+xRnHMzse/qLM=
github.com/modern-go/reflect2 v1.0.2 h1:xBagoLtFs94CBntxluKeaWgTMpvLxC4ur3nMaC9Gz0=
github.com/modern-go/reflect2 v1.0.2/go.mod h1:yWuCS7NRJ7d/DJ7D9R6hy/24G42ajstydsCOj40Z/I=
github.com/munnerz/goautoneg v0.0.0-20191010083416-a7dc8b61c822 h1:C3w9PqII01/Oq1de0QVkaQ2DwNwQIWstrgWSVTr5stw=
github.com/munnerz/goautoneg v0.0.0-20191010083416-a7dc8b61c822/go.mod h1:+n7T8mK8s+FuNlM89owXsor1PERPAcdVDYvL2/LFAs=
github.com/pkg/errors v0.9.1 h1:FEBLx1zS214owpRhix+f4h+3BRYtFn5f7/rXcKWqyI=
github.com/pkg/errors v0.9.1/go.mod h1:bwawxfHBFNV+L2hUp1rHADufV3IMmRRcW9/fJ6F/OE=
github.com/pmezard/go-difflib v1.0.0 h1:4DBwDE0NGyQoBHrsDMOY8/0d4y5H5v0F/5zN9RLMzs=
github.com/pmezard/go-difflib v1.0.0/go.mod h1:iKH77koFhYxTK1pcRnkGLp1rLcapwxUucqQ3+cC/9w=
github.com/prometheus/client_golang v1.19.0 h1:ygXvpU1AoN1jVLvxY40HbZkewed7IseKrY5SOA6jGU=
github.com/prometheus/client_golang v1.19.0/go.mod h1:ZRM9uEAypZakd+q/x7+gmsvXdURP+yqY6Fu7znVc/0=
github.com/prometheus/client_model v0.6.0 h1:k1v3xiy5ZHxAA9csDokRq97altlpUDydyQoSxB9qLg=
github.com/prometheus/client_model v0.6.0/go.mod h1:NwWgC/yNuGj7Q9rpYRZvuOMYW1fcNIr6tz7gnMJQeY=
github.com/prometheus/common v0.54.0 h1:Vyom3hsHGkDvWb4PELpn2W5NcxIXHAqHJVqIsPQGIw=
github.com/prometheus/common v0.54.0/go.mod h1:1+UIVrCLV2LmHkZ1dLJKhkhP0NK7g1E2ix8fVHuqKs=
github.com/prometheus/procfs v0.14.0 h1:RLth5XdEk3oY+jDBcBnrsa3ehuicitOeizvycaS+/A=
github.com/prometheus/procfs v0.14.0/go.mod h1:U+gB1OBLb1lF3O42bTCL+FK18tX9Ouj16mwQvQpCAY=
github.com/robfig/cron/v3 v3.0.1 h1:WdRxkvbJztn8lMk+3kNcY2e+3Sng7YO+ydsCUStSlY=
github.com/robfig/cron/v3 v3.0.1/go.mod h1:eQICP3HwyT7UooqI/z+m4M6tRxrK3GyqmRmDFUVrgU=
github.com/spf13/pflag v1.0.5 h1:iy+VFUOCP1a+8yFto/drg2CJ5u0yRoB7fCRqGYGjSE=
github.com/spf13/pflag v1.0.5/go.mod h1:McXfInJRrz4CZtVEQO53Mrs7PvblAXwFLRQvl5l8L0=
github.com/stretchr/testify v1.9.0 h1:HtqkIIysGkJ8BFMwkaTw16r2bEYR2co+2fmZjV2VVk=
github.com/stretchr/testify v1.9.0/go.mod h1:r2ic36e0O642eTIlne1r3B7qtygziPvJ94fs1Z8UVs=
golang.org/x/net v0.28.0 h1:a9JDOJc5GMUJ0+UWqS+3eNLlG8bNwuS2IrBPrwupjY=
golang.org/x/net v0.28.0/go.mod h1:yqtgsTWOOnlGLG85CH2VxAL/YsZWWf/uNMGJw20IvY=
golang.org/x/oauth2 v0.21.0 h1:tsimM75w1tF+fwxor5sIiUl/UwLMvWfsA2ZM+sh+kQ=
golang.org/x/oauth2 v0.21.0/go.mod h1:XYTD2NtWslqkgxykpVp5O46f2BvE+sFiRjYSn+sWS4=
golang.org/x/sys v0.24.0 h1:Twjiwq9dn6R1fQcygo6oa50hLiRTN/0xlPAeW2DJzc=
golang.org/x/sys v0.24.0/go.mod h1:/VUhepiaJMQUp4+ZwSiRo6KPH0m8F91PJo1cSXQ0A0=
golang.org/x/term v0.23.0 h1:F6D4vLDwei0+t3K8LvDeVJdomYstF364IlCjsB8jQw=
golang.org/x/term v0.23.0/go.mod h1:DKyhrW/HsogB0/sSmbqfIz13UUn50dk0CQyVDMsntQ=
golang.org/x/text v0.17.0 h1:XtiM5MOMNP61qkgarCKtIE5Dta0DF3sBR5Hv2QzAV8=
golang.org/x/text v0.17.0/go.mod h1:BuEKDfySbSR/8PmbjzsI5eblylklmtlxyxh45q7P6w=
golang.org/x/time v0.5.0 h1:o7cqy6amK/xTmB8ZqcrY71Aw8V8IH+RGd4Sck2wQ68=
golang.org/x/time v0.5.0/go.mod h1:3BpJ+CARH2eIIpjsFfeqo8RH8FCwGsaves+cVarmPE=
gomodules.xyz/jsonpatch/v2 v2.4.0 h1:Kxm+VH3Z7NO23aIW4j2atAxS5LQSI5DkcZjLmTheOo=
gomodules.xyz/jsonpatch/v2 v2.4.0/go.mod h1:AH3dBKwNOiMKaK1i3R/g2mVL5dLKNg9LyLKwmvAm1E=
google.golang.org/appengine v1.6.8 h1:IhEN5q69dyLxDbqV21UJW8K+EigaSuYe5dziwgSXqQ0=
google.golang.org/appengine v1.6.8/go.mod h1:zAqZ+wJjwgog+lYk6aitVyXyV6K5obzL0/kEtn03ZI=
google.golang.org/protobuf v1.34.1 h1:9ddQBjfCyNPBC0dd4in6nAK3xSvsryvxZ0MTUQc8co=
google.golang.org/protobuf v1.34.1/go.mod h1:yRWaBsvHwnC2tz7kKJ6BRK6t8G4pu+DgWWN5qhT5dw=
gopkg.in/inf.v0 v0.9.1 h1:73M5CoZyi3ZLMOyDlL3XVP1A+F49zqe+jgOwTbvLAw=
gopkg.in/inf.v0 v0.9.1/go.mod h1:cWUDdTG/fYaXco+9UstZRdDy50o51rtQ3ZYrsCsu7s=
gopkg.in/yaml.v2 v2.4.0 h1:D8xgwECY7CYvx+Y2n4sBz23Xo+c-Ok+B7BQDvY2DkU=
gopkg.in/yaml.v2 v2.4.0/go.mod h1:RDklbk79AGWmwuP8K7m9kK94eBYshZkZ4BLMwZ3EJKM=
gopkg.in/yaml.v3 v3.0.1 h1:fxVm/GzAzEWqLHEvluCIy8ZL5K4GJV4exbs2qkXIUU=
gopkg.in/yaml.v3 v3.0.1/go.mod h1:K4uyk+87SoqFH8mkAnkqwasLhQjl3q0PiYzM/C9c4=
k8s.io/api v0.31.0 h1:Zb7fM4eyu9n2Bj7v7TpKDZsoI7sJ6TQvlJIV5RKgFM=
k8s.io/api v0.31.0/go.mod h1:SHYfCLz/yJmJE3b8fQYnWHjVaVhSCVzWNO5dczLTI0=
k8s.io/apimachinery v0.31.0 h1:mVRppqKf7hI3/8r5/gKKHR1U4F1XSAH1YxMzz5CyBM=
k8s.io/apimachinery v0.31.0/go.mod h1:6VGc2MNXcM+NmXNSW8/kFUDTfHJvHMpQpb6w1Y8vp8=
k8s.io/client-go v0.31.0 h1:JXe0ugVpdwK/8BJOHKJnc6MZjVi2kk75cH8MV8P0WA=
k8s.io/client-go v0.31.0/go.mod h1:QYiYypLicuiycsiiRhtXBl0mUI2oxyKVhB8M0d5R2I=
k8s.io/component-base v0.31.0 h1:+/7TKNvMZuwXBKDfH5V/3gCxn3x8rAXuFv5lGxdSM4=
k8s.io/component-base v0.31.0/go.mod h1:dL/fh3dGZ7VBHtYG/M2t4Cw3l6f3aLZC0n3pU3r9AQ=
k8s.io/klog/v2 v2.130.0 h1:fDM5eU7kMSZpJfH5i5ey8Vj7sLvHbLAR6B7S4ew2Eg=
k8s.io/klog/v2 v2.130.0/go.mod h1:OcrpEXxaFvSVW8XRl+/0CQwqxahZfYz+aXNzISKRIQ=
k8s.io/kube-openapi v0.0.0-20241105132422-13d1ff82aa10 h1:WGFx1pkkK0hKdT7EiLDBCvRaJMa0aLMusFzKZ3f4X4=
k8s.io/kube-openapi v0.0.0-20241105132422-13d1ff82aa10/go.mod h1:0bEwgMc8HMp/tXcOqvxWGx+vvVgVVPrH3C+Xt8KiI0=
k8s.io/utils v0.0.0-20240711033017-18e509b52bc8 h1:pfiIQMUnS7LtbxIIarXY3isM2gIpVmn52baSKJfgOI=
k8s.io/utils v0.0.0-20240711033017-18e509b52bc8/go.mod h1:OLgZIPagt7ERELqWJFomSt06qnEsklsp4c3/+k8FY0=
sigs.k8s.io/controller-runtime v0.19.0 h1:bOnwG5/KgHz5/fOwKaqwNewsTan2CYc1dseYFKJBFs=
sigs.k8s.io/controller-runtime v0.19.0/go.mod h1:iRmWllt8hlKS0FSPBWIIcdTnMmkIyyOoYeN7ijroAE=
sigs.k8s.io/json v0.0.0-20221116044647-bc3834ca7abd h1:EDPBXCAspyGV4jQlmbP7p9WiFNlp8LC3jq7RCLt/Co=
sigs.k8s.io/json v0.0.0-20221116044647-bc3834ca7abd/go.mod h1:ChLIoJRRvXQmWWysCZpuvzFo4T7lBPSh6esTLAgCyw=
sigs.k8s.io/structured-merge-patch/v4 v4.4.1 h1:150L+0vs/8DA78h1u02ooW1/fFq/Lwr+sGiQdm8extQ=
sigs.k8s.io/structured-merge-patch/v4 v4.4.1/go.mod h1:j4MPLvYXbIvnNsqwbsDeu/+wHra3/T9f5LModVOzuY=
sigs.k8s.io/yaml v1.4.0 h1:Mk1wCc2gy/F0THH0TAp1QYyJNYc9BmWO9Zda1/tVFE=
sigs.k8s.io/yaml v1.4.0/go.mod h1:IUDZBTnIGB3x01SVrHZ7Io7kkaiQy87RwzxQmWQvug=
